Microsoft Visual Studio Solution File, Format Version 12.00
# Visual Studio 14
VisualStudioVersion = 14.0.24720.0
MinimumVisualStudioVersion = 10.0.40219.1
Project("{FAE04EC0-301F-11D3-BF4B-00C04F79EFBC}") = "PhysCubes", "PhysCubes\PhysCubes.csproj", "{4EBD2085-D02B-459B-83B0-4A2D76C26D66}"
EndProject
Project("{FAE04EC0-301F-11D3-BF4B-00C04F79EFBC}") = "SDL2-CS.Core", "SDL2-CS\SDL2-CS.Core.csproj", "{F651E6CB-9075-400D-B5B5-63C1572A4DB5}"
EndProject
Project("{FAE04EC0-301F-11D3-BF4B-00C04F79EFBC}") = "Walker", "Walker\Walker\Walker.csproj", "{AD3779D2-1C1F-4790-A160-3E38AD5D1413}"
EndProject
Project("{FAE04EC0-301F-11D3-BF4B-00C04F79EFBC}") = "OpenGL", "opengl4csharp\OpenGL\OpenGL.csproj", "{2D9FDCB0-F0BA-42C9-8B0E-97B45846C643}"
EndProject
Global
	GlobalSection(SolutionConfigurationPlatforms) = preSolution
		Debug|Win64 = Debug|Win64
		Debug|Linux64 = Debug|Linux64
		Release|Win64 = Release|Win64
		Release|Linux64 = Release|Linux64
	EndGlobalSection
	GlobalSection(ProjectConfigurationPlatforms) = postSolution
		{4EBD2085-D02B-459B-83B0-4A2D76C26D66}.Debug|Win64.ActiveCfg = Debug|Win64
		{4EBD2085-D02B-459B-83B0-4A2D76C26D66}.Debug|Win64.Build.0 = Debug|Win64
		{4EBD2085-D02B-459B-83B0-4A2D76C26D66}.Release|Win64.ActiveCfg = Release|Win64
		{4EBD2085-D02B-459B-83B0-4A2D76C26D66}.Release|Win64.Build.0 = Release|Win64
		{4EBD2085-D02B-459B-83B0-4A2D76C26D66}.Debug|Linux64.ActiveCfg = Debug|Linux64
		{4EBD2085-D02B-459B-83B0-4A2D76C26D66}.Debug|Linux64.Build.0 = Debug|Linux64
		{4EBD2085-D02B-459B-83B0-4A2D76C26D66}.Release|Linux64.ActiveCfg = Release|Linux64
		{4EBD2085-D02B-459B-83B0-4A2D76C26D66}.Release|Linux64.Build.0 = Release|Linux64
		{2D9FDCB0-F0BA-42C9-8B0E-97B45846C643}.Debug|Linux64.ActiveCfg = Debug|Any CPU
		{2D9FDCB0-F0BA-42C9-8B0E-97B45846C643}.Debug|Linux64.Build.0 = Debug|Any CPU
		{2D9FDCB0-F0BA-42C9-8B0E-97B45846C643}.Debug|Win64.ActiveCfg = Debug|Any CPU
		{2D9FDCB0-F0BA-42C9-8B0E-97B45846C643}.Debug|Win64.Build.0 = Debug|Any CPU
		{2D9FDCB0-F0BA-42C9-8B0E-97B45846C643}.Release|Linux64.ActiveCfg = Release|Any CPU
		{2D9FDCB0-F0BA-42C9-8B0E-97B45846C643}.Release|Linux64.Build.0 = Release|Any CPU
		{2D9FDCB0-F0BA-42C9-8B0E-97B45846C643}.Release|Win64.ActiveCfg = Release|Any CPU
		{2D9FDCB0-F0BA-42C9-8B0E-97B45846C643}.Release|Win64.Build.0 = Release|Any CPU
		{F651E6CB-9075-400D-B5B5-63C1572A4DB5}.Debug|Linux64.ActiveCfg = Debug|Any CPU
		{F651E6CB-9075-400D-B5B5-63C1572A4DB5}.Debug|Linux64.Build.0 = Debug|Any CPU
		{F651E6CB-9075-400D-B5B5-63C1572A4DB5}.Debug|Win64.ActiveCfg = Debug|Any CPU
		{F651E6CB-9075-400D-B5B5-63C1572A4DB5}.Debug|Win64.Build.0 = Debug|Any CPU
		{F651E6CB-9075-400D-B5B5-63C1572A4DB5}.Release|Linux64.ActiveCfg = Release|Any CPU
		{F651E6CB-9075-400D-B5B5-63C1572A4DB5}.Release|Linux64.Build.0 = Release|Any CPU
		{F651E6CB-9075-400D-B5B5-63C1572A4DB5}.Release|Win64.ActiveCfg = Release|Any CPU
		{F651E6CB-9075-400D-B5B5-63C1572A4DB5}.Release|Win64.Build.0 = Release|Any CPU
		{AD3779D2-1C1F-4790-A160-3E38AD5D1413}.Debug|Linux64.ActiveCfg = Debug|Any CPU
		{AD3779D2-1C1F-4790-A160-3E38AD5D1413}.Debug|Linux64.Build.0 = Debug|Any CPU
		{AD3779D2-1C1F-4790-A160-3E38AD5D1413}.Debug|Win64.ActiveCfg = Debug|Any CPU
		{AD3779D2-1C1F-4790-A160-3E38AD5D1413}.Debug|Win64.Build.0 = Debug|Any CPU
		{AD3779D2-1C1F-4790-A160-3E38AD5D1413}.Release|Linux64.ActiveCfg = Release|Any CPU
		{AD3779D2-1C1F-4790-A160-3E38AD5D1413}.Release|Linux64.Build.0 = Release|Any CPU
		{AD3779D2-1C1F-4790-A160-3E38AD5D1413}.Release|Win64.ActiveCfg = Release|Any CPU
		{AD3779D2-1C1F-4790-A160-3E38AD5D1413}.Release|Win64.Build.0 = Release|Any CPU
	EndGlobalSection
	GlobalSection(SolutionProperties) = preSolution
		HideSolutionNode = FALSE
	EndGlobalSection
EndGlobal
